// !$*UTF8*$!
{
	archiveVersion = 1;
	classes = {
	};
	objectVersion = 51;
	objects = {

/* Begin PBXBuildFile section */
		439F91397E5476BB6F68E1D3 /* libPods-Pokedex.a in Frameworks */ = {isa = PBXBuildFile; fileRef = 8D8B2E352C7092CE277ADCCF /* libPods-Pokedex.a */; };
		7D30C2F22465AB910000B5CE /* DetailViewController.swift in Sources */ = {isa = PBXBuildFile; fileRef = 7D30C2F12465AB910000B5CE /* DetailViewController.swift */; };
		7D30C2F52465B1AE0000B5CE /* Detail.storyboard in Resources */ = {isa = PBXBuildFile; fileRef = 7D30C2F42465B1AE0000B5CE /* Detail.storyboard */; };
		7D30C2F72465F3A40000B5CE /* DetailViewModel.swift in Sources */ = {isa = PBXBuildFile; fileRef = 7D30C2F62465F3A40000B5CE /* DetailViewModel.swift */; };
		7D30C2F924661F170000B5CE /* Extensions.swift in Sources */ = {isa = PBXBuildFile; fileRef = 7D30C2F824661F170000B5CE /* Extensions.swift */; };
		7D94740A24636B7E002E618D /* AppDelegate.swift in Sources */ = {isa = PBXBuildFile; fileRef = 7D94740924636B7E002E618D /* AppDelegate.swift */; };
		7D94741024636BA8002E618D /* Assets.xcassets in Resources */ = {isa = PBXBuildFile; fileRef = 7D94740F24636BA8002E618D /* Assets.xcassets */; };
		7D94741624636BA8002E618D /* LaunchScreen.storyboard in Resources */ = {isa = PBXBuildFile; fileRef = 7D94741424636BA8002E618D /* LaunchScreen.storyboard */; };
		7D94742124636BA9002E618D /* PokedexTests.swift in Sources */ = {isa = PBXBuildFile; fileRef = 7D94742024636BA9002E618D /* PokedexTests.swift */; };
		7D94742C24636BA9002E618D /* PokedexUITests.swift in Sources */ = {isa = PBXBuildFile; fileRef = 7D94742B24636BA9002E618D /* PokedexUITests.swift */; };
		7D9474402463716A002E618D /* Pokemon.swift in Sources */ = {isa = PBXBuildFile; fileRef = 7D94743F2463716A002E618D /* Pokemon.swift */; };
		7D94744224637343002E618D /* PokeApiService.swift in Sources */ = {isa = PBXBuildFile; fileRef = 7D94744124637343002E618D /* PokeApiService.swift */; };
		7D947446246373E3002E618D /* Main.storyboard in Resources */ = {isa = PBXBuildFile; fileRef = 7D947445246373E3002E618D /* Main.storyboard */; };
		7D9474482463752E002E618D /* PageManager.swift in Sources */ = {isa = PBXBuildFile; fileRef = 7D9474472463752E002E618D /* PageManager.swift */; };
		7D94744A24637F2E002E618D /* MainViewController.swift in Sources */ = {isa = PBXBuildFile; fileRef = 7D94744924637F2E002E618D /* MainViewController.swift */; };
		7D94744C2463819B002E618D /* PokemonCell.swift in Sources */ = {isa = PBXBuildFile; fileRef = 7D94744B2463819B002E618D /* PokemonCell.swift */; };
		7D94744F246381F5002E618D /* MainViewModel.swift in Sources */ = {isa = PBXBuildFile; fileRef = 7D94744E246381F5002E618D /* MainViewModel.swift */; };
		7D94745124639E8E002E618D /* ApiConstants.swift in Sources */ = {isa = PBXBuildFile; fileRef = 7D94745024639E8E002E618D /* ApiConstants.swift */; };
		7D9474532463CBE4002E618D /* PictureService.swift in Sources */ = {isa = PBXBuildFile; fileRef = 7D9474522463CBE4002E618D /* PictureService.swift */; };
/* End PBXBuildFile section */

/* Begin PBXContainerItemProxy section */
		7D94741D24636BA9002E618D /* PBXContainerItemProxy */ = {
			isa = PBXContainerItemProxy;
			containerPortal = 7D9473FE24636B7E002E618D /* Project object */;
			proxyType = 1;
			remoteGlobalIDString = 7D94740524636B7E002E618D;
			remoteInfo = Pokedex;
		};
		7D94742824636BA9002E618D /* PBXContainerItemProxy */ = {
			isa = PBXContainerItemProxy;
			containerPortal = 7D9473FE24636B7E002E618D /* Project object */;
			proxyType = 1;
			remoteGlobalIDString = 7D94740524636B7E002E618D;
			remoteInfo = Pokedex;
		};
/* End PBXContainerItemProxy section */

/* Begin PBXFileReference section */
		14970C96F960E2D32E69E59B /* Pods-Pokedex.debug.xcconfig */ = {isa = PBXFileReference; includeInIndex = 1; lastKnownFileType = text.xcconfig; name = "Pods-Pokedex.debug.xcconfig"; path = "Target Support Files/Pods-Pokedex/Pods-Pokedex.debug.xcconfig"; sourceTree = "<group>"; };
		7D30C2F12465AB910000B5CE /* DetailViewController.swift */ = {isa = PBXFileReference; lastKnownFileType = sourcecode.swift; path = DetailViewController.swift; sourceTree = "<group>"; };
		7D30C2F42465B1AE0000B5CE /* Detail.storyboard */ = {isa = PBXFileReference; lastKnownFileType = file.storyboard; path = Detail.storyboard; sourceTree = "<group>"; };
		7D30C2F62465F3A40000B5CE /* DetailViewModel.swift */ = {isa = PBXFileReference; lastKnownFileType = sourcecode.swift; path = DetailViewModel.swift; sourceTree = "<group>"; };
		7D30C2F824661F170000B5CE /* Extensions.swift */ = {isa = PBXFileReference; lastKnownFileType = sourcecode.swift; path = Extensions.swift; sourceTree = "<group>"; };
		7D94740624636B7E002E618D /* Pokedex.app */ = {isa = PBXFileReference; explicitFileType = wrapper.application; includeInIndex = 0; path = Pokedex.app; sourceTree = BUILT_PRODUCTS_DIR; };
		7D94740924636B7E002E618D /* AppDelegate.swift */ = {isa = PBXFileReference; lastKnownFileType = sourcecode.swift; path = AppDelegate.swift; sourceTree = "<group>"; };
		7D94740F24636BA8002E618D /* Assets.xcassets */ = {isa = PBXFileReference; lastKnownFileType = folder.assetcatalog; path = Assets.xcassets; sourceTree = "<group>"; };
		7D94741524636BA8002E618D /* Base */ = {isa = PBXFileReference; lastKnownFileType = file.storyboard; name = Base; path = Base.lproj/LaunchScreen.storyboard; sourceTree = "<group>"; };
		7D94741724636BA8002E618D /* Info.plist */ = {isa = PBXFileReference; lastKnownFileType = text.plist.xml; path = Info.plist; sourceTree = "<group>"; };
		7D94741C24636BA9002E618D /* PokedexTests.xctest */ = {isa = PBXFileReference; explicitFileType = wrapper.cfbundle; includeInIndex = 0; path = PokedexTests.xctest; sourceTree = BUILT_PRODUCTS_DIR; };
		7D94742024636BA9002E618D /* PokedexTests.swift */ = {isa = PBXFileReference; lastKnownFileType = sourcecode.swift; path = PokedexTests.swift; sourceTree = "<group>"; };
		7D94742224636BA9002E618D /* Info.plist */ = {isa = PBXFileReference; lastKnownFileType = text.plist.xml; path = Info.plist; sourceTree = "<group>"; };
		7D94742724636BA9002E618D /* PokedexUITests.xctest */ = {isa = PBXFileReference; explicitFileType = wrapper.cfbundle; includeInIndex = 0; path = PokedexUITests.xctest; sourceTree = BUILT_PRODUCTS_DIR; };
		7D94742B24636BA9002E618D /* PokedexUITests.swift */ = {isa = PBXFileReference; lastKnownFileType = sourcecode.swift; path = PokedexUITests.swift; sourceTree = "<group>"; };
		7D94742D24636BAA002E618D /* Info.plist */ = {isa = PBXFileReference; lastKnownFileType = text.plist.xml; path = Info.plist; sourceTree = "<group>"; };
		7D94743F2463716A002E618D /* Pokemon.swift */ = {isa = PBXFileReference; lastKnownFileType = sourcecode.swift; path = Pokemon.swift; sourceTree = "<group>"; };
		7D94744124637343002E618D /* PokeApiService.swift */ = {isa = PBXFileReference; lastKnownFileType = sourcecode.swift; path = PokeApiService.swift; sourceTree = "<group>"; };
		7D947445246373E3002E618D /* Main.storyboard */ = {isa = PBXFileReference; lastKnownFileType = file.storyboard; path = Main.storyboard; sourceTree = "<group>"; };
		7D9474472463752E002E618D /* PageManager.swift */ = {isa = PBXFileReference; lastKnownFileType = sourcecode.swift; path = PageManager.swift; sourceTree = "<group>"; };
		7D94744924637F2E002E618D /* MainViewController.swift */ = {isa = PBXFileReference; lastKnownFileType = sourcecode.swift; path = MainViewController.swift; sourceTree = "<group>"; };
		7D94744B2463819B002E618D /* PokemonCell.swift */ = {isa = PBXFileReference; lastKnownFileType = sourcecode.swift; path = PokemonCell.swift; sourceTree = "<group>"; };
		7D94744E246381F5002E618D /* MainViewModel.swift */ = {isa = PBXFileReference; lastKnownFileType = sourcecode.swift; path = MainViewModel.swift; sourceTree = "<group>"; };
		7D94745024639E8E002E618D /* ApiConstants.swift */ = {isa = PBXFileReference; lastKnownFileType = sourcecode.swift; path = ApiConstants.swift; sourceTree = "<group>"; };
		7D9474522463CBE4002E618D /* PictureService.swift */ = {isa = PBXFileReference; lastKnownFileType = sourcecode.swift; path = PictureService.swift; sourceTree = "<group>"; };
		8D8B2E352C7092CE277ADCCF /* libPods-Pokedex.a */ = {isa = PBXFileReference; explicitFileType = archive.ar; includeInIndex = 0; path = "libPods-Pokedex.a"; sourceTree = BUILT_PRODUCTS_DIR; };
		A06F16E36EA06180C3178C69 /* Pods-Pokedex.release.xcconfig */ = {isa = PBXFileReference; includeInIndex = 1; lastKnownFileType = text.xcconfig; name = "Pods-Pokedex.release.xcconfig"; path = "Target Support Files/Pods-Pokedex/Pods-Pokedex.release.xcconfig"; sourceTree = "<group>"; };
/* End PBXFileReference section */

/* Begin PBXFrameworksBuildPhase section */
		7D94740324636B7E002E618D /* Frameworks */ = {
			isa = PBXFrameworksBuildPhase;
			buildActionMask = 2147483647;
			files = (
				439F91397E5476BB6F68E1D3 /* libPods-Pokedex.a in Frameworks */,
			);
			runOnlyForDeploymentPostprocessing = 0;
		};
		7D94741924636BA9002E618D /* Frameworks */ = {
			isa = PBXFrameworksBuildPhase;
			buildActionMask = 2147483647;
			files = (
			);
			runOnlyForDeploymentPostprocessing = 0;
		};
		7D94742424636BA9002E618D /* Frameworks */ = {
			isa = PBXFrameworksBuildPhase;
			buildActionMask = 2147483647;
			files = (
			);
			runOnlyForDeploymentPostprocessing = 0;
		};
/* End PBXFrameworksBuildPhase section */

/* Begin PBXGroup section */
		63BE2A754ECE0CE5D1CDFA9D /* Frameworks */ = {
			isa = PBXGroup;
			children = (
				8D8B2E352C7092CE277ADCCF /* libPods-Pokedex.a */,
			);
			name = Frameworks;
			sourceTree = "<group>";
		};
		7D30C2F32465B1390000B5CE /* Detail */ = {
			isa = PBXGroup;
			children = (
				7D30C2F42465B1AE0000B5CE /* Detail.storyboard */,
				7D30C2F12465AB910000B5CE /* DetailViewController.swift */,
				7D30C2F62465F3A40000B5CE /* DetailViewModel.swift */,
			);
			path = Detail;
			sourceTree = "<group>";
		};
		7D9473FD24636B7E002E618D = {
			isa = PBXGroup;
			children = (
				7D94740824636B7E002E618D /* Pokedex */,
				7D94741F24636BA9002E618D /* PokedexTests */,
				7D94742A24636BA9002E618D /* PokedexUITests */,
				7D94740724636B7E002E618D /* Products */,
				DD6F3E1F4A516755FFFFBAAA /* Pods */,
				63BE2A754ECE0CE5D1CDFA9D /* Frameworks */,
			);
			sourceTree = "<group>";
		};
		7D94740724636B7E002E618D /* Products */ = {
			isa = PBXGroup;
			children = (
				7D94740624636B7E002E618D /* Pokedex.app */,
				7D94741C24636BA9002E618D /* PokedexTests.xctest */,
				7D94742724636BA9002E618D /* PokedexUITests.xctest */,
			);
			name = Products;
			sourceTree = "<group>";
		};
		7D94740824636B7E002E618D /* Pokedex */ = {
			isa = PBXGroup;
			children = (
				7D94743924636BE3002E618D /* Services */,
				7D94743A24636BF7002E618D /* Models */,
				7D94743B24636C05002E618D /* UI */,
				7D94743C24636C18002E618D /* Extensions */,
				7D94740924636B7E002E618D /* AppDelegate.swift */,
				7D94740F24636BA8002E618D /* Assets.xcassets */,
				7D94741424636BA8002E618D /* LaunchScreen.storyboard */,
				7D94741724636BA8002E618D /* Info.plist */,
			);
			path = Pokedex;
			sourceTree = "<group>";
		};
		7D94741F24636BA9002E618D /* PokedexTests */ = {
			isa = PBXGroup;
			children = (
				7D94742024636BA9002E618D /* PokedexTests.swift */,
				7D94742224636BA9002E618D /* Info.plist */,
			);
			path = PokedexTests;
			sourceTree = "<group>";
		};
		7D94742A24636BA9002E618D /* PokedexUITests */ = {
			isa = PBXGroup;
			children = (
				7D94742B24636BA9002E618D /* PokedexUITests.swift */,
				7D94742D24636BAA002E618D /* Info.plist */,
			);
			path = PokedexUITests;
			sourceTree = "<group>";
		};
		7D94743924636BE3002E618D /* Services */ = {
			isa = PBXGroup;
			children = (
				7D94745024639E8E002E618D /* ApiConstants.swift */,
				7D94744124637343002E618D /* PokeApiService.swift */,
				7D9474472463752E002E618D /* PageManager.swift */,
				7D9474522463CBE4002E618D /* PictureService.swift */,
			);
			path = Services;
			sourceTree = "<group>";
		};
		7D94743A24636BF7002E618D /* Models */ = {
			isa = PBXGroup;
			children = (
				7D94743F2463716A002E618D /* Pokemon.swift */,
			);
			path = Models;
			sourceTree = "<group>";
		};
		7D94743B24636C05002E618D /* UI */ = {
			isa = PBXGroup;
			children = (
				7D30C2F32465B1390000B5CE /* Detail */,
				7D947443246373BF002E618D /* Main */,
			);
			path = UI;
			sourceTree = "<group>";
		};
		7D94743C24636C18002E618D /* Extensions */ = {
			isa = PBXGroup;
			children = (
				7D30C2F824661F170000B5CE /* Extensions.swift */,
			);
			path = Extensions;
			sourceTree = "<group>";
		};
		7D947443246373BF002E618D /* Main */ = {
			isa = PBXGroup;
			children = (
				7D947444246373C6002E618D /* Cell */,
				7D947445246373E3002E618D /* Main.storyboard */,
				7D94744924637F2E002E618D /* MainViewController.swift */,
				7D94744E246381F5002E618D /* MainViewModel.swift */,
			);
			path = Main;
			sourceTree = "<group>";
		};
		7D947444246373C6002E618D /* Cell */ = {
			isa = PBXGroup;
			children = (
				7D94744B2463819B002E618D /* PokemonCell.swift */,
			);
			path = Cell;
			sourceTree = "<group>";
		};
		DD6F3E1F4A516755FFFFBAAA /* Pods */ = {
			isa = PBXGroup;
			children = (
				14970C96F960E2D32E69E59B /* Pods-Pokedex.debug.xcconfig */,
				A06F16E36EA06180C3178C69 /* Pods-Pokedex.release.xcconfig */,
			);
			path = Pods;
			sourceTree = "<group>";
		};
/* End PBXGroup section */

/* Begin PBXNativeTarget section */
		7D94740524636B7E002E618D /* Pokedex */ = {
			isa = PBXNativeTarget;
			buildConfigurationList = 7D94743024636BAA002E618D /* Build configuration list for PBXNativeTarget "Pokedex" */;
			buildPhases = (
				006104AC1477E7D22F26F088 /* [CP] Check Pods Manifest.lock */,
				7D94740224636B7E002E618D /* Sources */,
				7D94740324636B7E002E618D /* Frameworks */,
				7D94740424636B7E002E618D /* Resources */,
				45BD03C699E9794AC381B41D /* [CP] Copy Pods Resources */,
			);
			buildRules = (
			);
			dependencies = (
			);
			name = Pokedex;
			productName = Pokedex;
			productReference = 7D94740624636B7E002E618D /* Pokedex.app */;
			productType = "com.apple.product-type.application";
		};
		7D94741B24636BA9002E618D /* PokedexTests */ = {
			isa = PBXNativeTarget;
			buildConfigurationList = 7D94743324636BAA002E618D /* Build configuration list for PBXNativeTarget "PokedexTests" */;
			buildPhases = (
				7D94741824636BA9002E618D /* Sources */,
				7D94741924636BA9002E618D /* Frameworks */,
				7D94741A24636BA9002E618D /* Resources */,
			);
			buildRules = (
			);
			dependencies = (
				7D94741E24636BA9002E618D /* PBXTargetDependency */,
			);
			name = PokedexTests;
			productName = PokedexTests;
			productReference = 7D94741C24636BA9002E618D /* PokedexTests.xctest */;
			productType = "com.apple.product-type.bundle.unit-test";
		};
		7D94742624636BA9002E618D /* PokedexUITests */ = {
			isa = PBXNativeTarget;
			buildConfigurationList = 7D94743624636BAA002E618D /* Build configuration list for PBXNativeTarget "PokedexUITests" */;
			buildPhases = (
				7D94742324636BA9002E618D /* Sources */,
				7D94742424636BA9002E618D /* Frameworks */,
				7D94742524636BA9002E618D /* Resources */,
			);
			buildRules = (
			);
			dependencies = (
				7D94742924636BA9002E618D /* PBXTargetDependency */,
			);
			name = PokedexUITests;
			productName = PokedexUITests;
			productReference = 7D94742724636BA9002E618D /* PokedexUITests.xctest */;
			productType = "com.apple.product-type.bundle.ui-testing";
		};
/* End PBXNativeTarget section */

/* Begin PBXProject section */
		7D9473FE24636B7E002E618D /* Project object */ = {
			isa = PBXProject;
			attributes = {
				LastSwiftUpdateCheck = 1140;
				LastUpgradeCheck = 1140;
				ORGANIZATIONNAME = "Juan Pablo Rodriguez";
				TargetAttributes = {
					7D94740524636B7E002E618D = {
						CreatedOnToolsVersion = 11.4.1;
					};
					7D94741B24636BA9002E618D = {
						CreatedOnToolsVersion = 11.4.1;
						TestTargetID = 7D94740524636B7E002E618D;
					};
					7D94742624636BA9002E618D = {
						CreatedOnToolsVersion = 11.4.1;
						TestTargetID = 7D94740524636B7E002E618D;
					};
				};
			};
			buildConfigurationList = 7D94740124636B7E002E618D /* Build configuration list for PBXProject "Pokedex" */;
			compatibilityVersion = "Xcode 9.3";
			developmentRegion = en;
			hasScannedForEncodings = 0;
			knownRegions = (
				en,
				Base,
			);
			mainGroup = 7D9473FD24636B7E002E618D;
			productRefGroup = 7D94740724636B7E002E618D /* Products */;
			projectDirPath = "";
			projectRoot = "";
			targets = (
				7D94740524636B7E002E618D /* Pokedex */,
				7D94741B24636BA9002E618D /* PokedexTests */,
				7D94742624636BA9002E618D /* PokedexUITests */,
			);
		};
/* End PBXProject section */

/* Begin PBXResourcesBuildPhase section */
		7D94740424636B7E002E618D /* Resources */ = {
			isa = PBXResourcesBuildPhase;
			buildActionMask = 2147483647;
			files = (
				7D94741624636BA8002E618D /* LaunchScreen.storyboard in Resources */,
				7D94741024636BA8002E618D /* Assets.xcassets in Resources */,
				7D947446246373E3002E618D /* Main.storyboard in Resources */,
				7D30C2F52465B1AE0000B5CE /* Detail.storyboard in Resources */,
			);
			runOnlyForDeploymentPostprocessing = 0;
		};
		7D94741A24636BA9002E618D /* Resources */ = {
			isa = PBXResourcesBuildPhase;
			buildActionMask = 2147483647;
			files = (
			);
			runOnlyForDeploymentPostprocessing = 0;
		};
		7D94742524636BA9002E618D /* Resources */ = {
			isa = PBXResourcesBuildPhase;
			buildActionMask = 2147483647;
			files = (
			);
			runOnlyForDeploymentPostprocessing = 0;
		};
/* End PBXResourcesBuildPhase section */

/* Begin PBXShellScriptBuildPhase section */
		006104AC1477E7D22F26F088 /* [CP] Check Pods Manifest.lock */ = {
			isa = PBXShellScriptBuildPhase;
			buildActionMask = 2147483647;
			files = (
			);
			inputFileListPaths = (
			);
			inputPaths = (
				"${PODS_PODFILE_DIR_PATH}/Podfile.lock",
				"${PODS_ROOT}/Manifest.lock",
			);
			name = "[CP] Check Pods Manifest.lock";
			outputFileListPaths = (
			);
			outputPaths = (
				"$(DERIVED_FILE_DIR)/Pods-Pokedex-checkManifestLockResult.txt",
			);
			runOnlyForDeploymentPostprocessing = 0;
			shellPath = /bin/sh;
			shellScript = "diff \"${PODS_PODFILE_DIR_PATH}/Podfile.lock\" \"${PODS_ROOT}/Manifest.lock\" > /dev/null\nif [ $? != 0 ] ; then\n    # print error to STDERR\n    echo \"error: The sandbox is not in sync with the Podfile.lock. Run 'pod install' or update your CocoaPods installation.\" >&2\n    exit 1\nfi\n# This output is used by Xcode 'outputs' to avoid re-running this script phase.\necho \"SUCCESS\" > \"${SCRIPT_OUTPUT_FILE_0}\"\n";
			showEnvVarsInLog = 0;
		};
		45BD03C699E9794AC381B41D /* [CP] Copy Pods Resources */ = {
			isa = PBXShellScriptBuildPhase;
			buildActionMask = 2147483647;
			files = (
			);
			inputFileListPaths = (
				"${PODS_ROOT}/Target Support Files/Pods-Pokedex/Pods-Pokedex-resources-${CONFIGURATION}-input-files.xcfilelist",
			);
			name = "[CP] Copy Pods Resources";
			outputFileListPaths = (
				"${PODS_ROOT}/Target Support Files/Pods-Pokedex/Pods-Pokedex-resources-${CONFIGURATION}-output-files.xcfilelist",
			);
			runOnlyForDeploymentPostprocessing = 0;
			shellPath = /bin/sh;
			shellScript = "\"${PODS_ROOT}/Target Support Files/Pods-Pokedex/Pods-Pokedex-resources.sh\"\n";
			showEnvVarsInLog = 0;
		};
/* End PBXShellScriptBuildPhase section */

/* Begin PBXSourcesBuildPhase section */
		7D94740224636B7E002E618D /* Sources */ = {
			isa = PBXSourcesBuildPhase;
			buildActionMask = 2147483647;
			files = (
				7D9474532463CBE4002E618D /* PictureService.swift in Sources */,
				7D94744A24637F2E002E618D /* MainViewController.swift in Sources */,
				7D9474482463752E002E618D /* PageManager.swift in Sources */,
				7D94744224637343002E618D /* PokeApiService.swift in Sources */,
				7D94740A24636B7E002E618D /* AppDelegate.swift in Sources */,
				7D94745124639E8E002E618D /* ApiConstants.swift in Sources */,
				7D9474402463716A002E618D /* Pokemon.swift in Sources */,
				7D30C2F924661F170000B5CE /* Extensions.swift in Sources */,
				7D30C2F22465AB910000B5CE /* DetailViewController.swift in Sources */,
				7D94744C2463819B002E618D /* PokemonCell.swift in Sources */,
				7D30C2F72465F3A40000B5CE /* DetailViewModel.swift in Sources */,
				7D94744F246381F5002E618D /* MainViewModel.swift in Sources */,
			);
			runOnlyForDeploymentPostprocessing = 0;
		};
		7D94741824636BA9002E618D /* Sources */ = {
			isa = PBXSourcesBuildPhase;
			buildActionMask = 2147483647;
			files = (
				7D94742124636BA9002E618D /* PokedexTests.swift in Sources */,
			);
			runOnlyForDeploymentPostprocessing = 0;
		};
		7D94742324636BA9002E618D /* Sources */ = {
			isa = PBXSourcesBuildPhase;
			buildActionMask = 2147483647;
			files = (
				7D94742C24636BA9002E618D /* PokedexUITests.swift in Sources */,
			);
			runOnlyForDeploymentPostprocessing = 0;
		};
/* End PBXSourcesBuildPhase section */

/* Begin PBXTargetDependency section */
		7D94741E24636BA9002E618D /* PBXTargetDependency */ = {
			isa = PBXTargetDependency;
			target = 7D94740524636B7E002E618D /* Pokedex */;
			targetProxy = 7D94741D24636BA9002E618D /* PBXContainerItemProxy */;
		};
		7D94742924636BA9002E618D /* PBXTargetDependency */ = {
			isa = PBXTargetDependency;
			target = 7D94740524636B7E002E618D /* Pokedex */;
			targetProxy = 7D94742824636BA9002E618D /* PBXContainerItemProxy */;
		};
/* End PBXTargetDependency section */

/* Begin PBXVariantGroup section */
		7D94741424636BA8002E618D /* LaunchScreen.storyboard */ = {
			isa = PBXVariantGroup;
			children = (
				7D94741524636BA8002E618D /* Base */,
			);
			name = LaunchScreen.storyboard;
			sourceTree = "<group>";
		};
/* End PBXVariantGroup section */

/* Begin XCBuildConfiguration section */
		7D94742E24636BAA002E618D /* Debug */ = {
			isa = XCBuildConfiguration;
			buildSettings = {
				ALWAYS_SEARCH_USER_PATHS = NO;
				CLANG_ANALYZER_NONNULL = YES;
				CLANG_ANALYZER_NUMBER_OBJECT_CONVERSION = YES_AGGRESSIVE;
				CLANG_CXX_LANGUAGE_STANDARD = "gnu++14";
				CLANG_CXX_LIBRARY = "libc++";
				CLANG_ENABLE_MODULES = YES;
				CLANG_ENABLE_OBJC_ARC = YES;
				CLANG_ENABLE_OBJC_WEAK = YES;
				CLANG_WARN_BLOCK_CAPTURE_AUTORELEASING = YES;
				CLANG_WARN_BOOL_CONVERSION = YES;
				CLANG_WARN_COMMA = YES;
				CLANG_WARN_CONSTANT_CONVERSION = YES;
				CLANG_WARN_DEPRECATED_OBJC_IMPLEMENTATIONS = YES;
				CLANG_WARN_DIRECT_OBJC_ISA_USAGE = YES_ERROR;
				CLANG_WARN_DOCUMENTATION_COMMENTS = YES;
				CLANG_WARN_EMPTY_BODY = YES;
				CLANG_WARN_ENUM_CONVERSION = YES;
				CLANG_WARN_INFINITE_RECURSION = YES;
				CLANG_WARN_INT_CONVERSION = YES;
				CLANG_WARN_NON_LITERAL_NULL_CONVERSION = YES;
				CLANG_WARN_OBJC_IMPLICIT_RETAIN_SELF = YES;
				CLANG_WARN_OBJC_LITERAL_CONVERSION = YES;
				CLANG_WARN_OBJC_ROOT_CLASS = YES_ERROR;
				CLANG_WARN_RANGE_LOOP_ANALYSIS = YES;
				CLANG_WARN_STRICT_PROTOTYPES = YES;
				CLANG_WARN_SUSPICIOUS_MOVE = YES;
				CLANG_WARN_UNGUARDED_AVAILABILITY = YES_AGGRESSIVE;
				CLANG_WARN_UNREACHABLE_CODE = YES;
				CLANG_WARN__DUPLICATE_METHOD_MATCH = YES;
				COPY_PHASE_STRIP = NO;
				DEBUG_INFORMATION_FORMAT = dwarf;
				ENABLE_STRICT_OBJC_MSGSEND = YES;
				ENABLE_TESTABILITY = YES;
				GCC_C_LANGUAGE_STANDARD = gnu11;
				GCC_DYNAMIC_NO_PIC = NO;
				GCC_NO_COMMON_BLOCKS = YES;
				GCC_OPTIMIZATION_LEVEL = 0;
				GCC_PREPROCESSOR_DEFINITIONS = (
					"DEBUG=1",
					"$(inherited)",
				);
				GCC_WARN_64_TO_32_BIT_CONVERSION = YES;
				GCC_WARN_ABOUT_RETURN_TYPE = YES_ERROR;
				GCC_WARN_UNDECLARED_SELECTOR = YES;
				GCC_WARN_UNINITIALIZED_AUTOS = YES_AGGRESSIVE;
				GCC_WARN_UNUSED_FUNCTION = YES;
				GCC_WARN_UNUSED_VARIABLE = YES;
				IPHONEOS_DEPLOYMENT_TARGET = 13.4;
				MTL_ENABLE_DEBUG_INFO = INCLUDE_SOURCE;
				MTL_FAST_MATH = YES;
				ONLY_ACTIVE_ARCH = YES;
				SDKROOT = iphoneos;
				SWIFT_ACTIVE_COMPILATION_CONDITIONS = DEBUG;
				SWIFT_OPTIMIZATION_LEVEL = "-Onone";
			};
			name = Debug;
		};
		7D94742F24636BAA002E618D /* Release */ = {
			isa = XCBuildConfiguration;
			buildSettings = {
				ALWAYS_SEARCH_USER_PATHS = NO;
				CLANG_ANALYZER_NONNULL = YES;
				CLANG_ANALYZER_NUMBER_OBJECT_CONVERSION = YES_AGGRESSIVE;
				CLANG_CXX_LANGUAGE_STANDARD = "gnu++14";
				CLANG_CXX_LIBRARY = "libc++";
				CLANG_ENABLE_MODULES = YES;
				CLANG_ENABLE_OBJC_ARC = YES;
				CLANG_ENABLE_OBJC_WEAK = YES;
				CLANG_WARN_BLOCK_CAPTURE_AUTORELEASING = YES;
				CLANG_WARN_BOOL_CONVERSION = YES;
				CLANG_WARN_COMMA = YES;
				CLANG_WARN_CONSTANT_CONVERSION = YES;
				CLANG_WARN_DEPRECATED_OBJC_IMPLEMENTATIONS = YES;
				CLANG_WARN_DIRECT_OBJC_ISA_USAGE = YES_ERROR;
				CLANG_WARN_DOCUMENTATION_COMMENTS = YES;
				CLANG_WARN_EMPTY_BODY = YES;
				CLANG_WARN_ENUM_CONVERSION = YES;
				CLANG_WARN_INFINITE_RECURSION = YES;
				CLANG_WARN_INT_CONVERSION = YES;
				CLANG_WARN_NON_LITERAL_NULL_CONVERSION = YES;
				CLANG_WARN_OBJC_IMPLICIT_RETAIN_SELF = YES;
				CLANG_WARN_OBJC_LITERAL_CONVERSION = YES;
				CLANG_WARN_OBJC_ROOT_CLASS = YES_ERROR;
				CLANG_WARN_RANGE_LOOP_ANALYSIS = YES;
				CLANG_WARN_STRICT_PROTOTYPES = YES;
				CLANG_WARN_SUSPICIOUS_MOVE = YES;
				CLANG_WARN_UNGUARDED_AVAILABILITY = YES_AGGRESSIVE;
				CLANG_WARN_UNREACHABLE_CODE = YES;
				CLANG_WARN__DUPLICATE_METHOD_MATCH = YES;
				COPY_PHASE_STRIP = NO;
				DEBUG_INFORMATION_FORMAT = "dwarf-with-dsym";
				ENABLE_NS_ASSERTIONS = NO;
				ENABLE_STRICT_OBJC_MSGSEND = YES;
				GCC_C_LANGUAGE_STANDARD = gnu11;
				GCC_NO_COMMON_BLOCKS = YES;
				GCC_WARN_64_TO_32_BIT_CONVERSION = YES;
				GCC_WARN_ABOUT_RETURN_TYPE = YES_ERROR;
				GCC_WARN_UNDECLARED_SELECTOR = YES;
				GCC_WARN_UNINITIALIZED_AUTOS = YES_AGGRESSIVE;
				GCC_WARN_UNUSED_FUNCTION = YES;
				GCC_WARN_UNUSED_VARIABLE = YES;
				IPHONEOS_DEPLOYMENT_TARGET = 13.4;
				MTL_ENABLE_DEBUG_INFO = NO;
				MTL_FAST_MATH = YES;
				SDKROOT = iphoneos;
				SWIFT_COMPILATION_MODE = wholemodule;
				SWIFT_OPTIMIZATION_LEVEL = "-O";
				VALIDATE_PRODUCT = YES;
			};
			name = Release;
		};
		7D94743124636BAA002E618D /* Debug */ = {
			isa = XCBuildConfiguration;
			baseConfigurationReference = 14970C96F960E2D32E69E59B /* Pods-Pokedex.debug.xcconfig */;
			buildSettings = {
				ASSETCATALOG_COMPILER_APPICON_NAME = AppIcon;
				CODE_SIGN_STYLE = Automatic;
				DEVELOPMENT_TEAM = ARVS4LJ9SD;
				ENABLE_PREVIEWS = YES;
				INFOPLIST_FILE = Pokedex/Info.plist;
				IPHONEOS_DEPLOYMENT_TARGET = 11.4;
				LD_RUNPATH_SEARCH_PATHS = (
					"$(inherited)",
					"@executable_path/Frameworks",
				);
				PRODUCT_BUNDLE_IDENTIFIER = com.valid.Pokedex;
				PRODUCT_NAME = "$(TARGET_NAME)";
				SWIFT_VERSION = 5.0;
				TARGETED_DEVICE_FAMILY = 1;
			};
			name = Debug;
		};
		7D94743224636BAA002E618D /* Release */ = {
			isa = XCBuildConfiguration;
			baseConfigurationReference = A06F16E36EA06180C3178C69 /* Pods-Pokedex.release.xcconfig */;
			buildSettings = {
				ASSETCATALOG_COMPILER_APPICON_NAME = AppIcon;
				CODE_SIGN_STYLE = Automatic;
				DEVELOPMENT_TEAM = ARVS4LJ9SD;
				ENABLE_PREVIEWS = YES;
				INFOPLIST_FILE = Pokedex/Info.plist;
				IPHONEOS_DEPLOYMENT_TARGET = 11.4;
				LD_RUNPATH_SEARCH_PATHS = (
					"$(inherited)",
					"@executable_path/Frameworks",
				);
				PRODUCT_BUNDLE_IDENTIFIER = com.valid.Pokedex;
				PRODUCT_NAME = "$(TARGET_NAME)";
				SWIFT_VERSION = 5.0;
				TARGETED_DEVICE_FAMILY = 1;
			};
			name = Release;
		};
		7D94743424636BAA002E618D /* Debug */ = {
			isa = XCBuildConfiguration;
			buildSettings = {
				ALWAYS_EMBED_SWIFT_STANDARD_LIBRARIES = YES;
				BUNDLE_LOADER = "$(TEST_HOST)";
				CODE_SIGN_STYLE = Automatic;
				DEVELOPMENT_TEAM = ARVS4LJ9SD;
				INFOPLIST_FILE = PokedexTests/Info.plist;
				IPHONEOS_DEPLOYMENT_TARGET = 13.4;
				LD_RUNPATH_SEARCH_PATHS = (
					"$(inherited)",
					"@executable_path/Frameworks",
					"@loader_path/Frameworks",
				);
				PRODUCT_BUNDLE_IDENTIFIER = com.valid.PokedexTests;
				PRODUCT_NAME = "$(TARGET_NAME)";
				SWIFT_VERSION = 5.0;
				TARGETED_DEVICE_FAMILY = "1,2";
				TEST_HOST = "$(BUILT_PRODUCTS_DIR)/Pokedex.app/Pokedex";
			};
			name = Debug;
		};
		7D94743524636BAA002E618D /* Release */ = {
			isa = XCBuildConfiguration;
			buildSettings = {
				ALWAYS_EMBED_SWIFT_STANDARD_LIBRARIES = YES;
				BUNDLE_LOADER = "$(TEST_HOST)";
				CODE_SIGN_STYLE = Automatic;
				DEVELOPMENT_TEAM = ARVS4LJ9SD;
				INFOPLIST_FILE = PokedexTests/Info.plist;
				IPHONEOS_DEPLOYMENT_TARGET = 13.4;
				LD_RUNPATH_SEARCH_PATHS = (
					"$(inherited)",
					"@executable_path/Frameworks",
					"@loader_path/Frameworks",
				);
				PRODUCT_BUNDLE_IDENTIFIER = com.valid.PokedexTests;
				PRODUCT_NAME = "$(TARGET_NAME)";
				SWIFT_VERSION = 5.0;
				TARGETED_DEVICE_FAMILY = "1,2";
				TEST_HOST = "$(BUILT_PRODUCTS_DIR)/Pokedex.app/Pokedex";
			};
			name = Release;
		};
		7D94743724636BAA002E618D /* Debug */ = {
			isa = XCBuildConfiguration;
			buildSettings = {
				ALWAYS_EMBED_SWIFT_STANDARD_LIBRARIES = YES;
				CODE_SIGN_STYLE = Automatic;
				DEVELOPMENT_TEAM = ARVS4LJ9SD;
				INFOPLIST_FILE = PokedexUITests/Info.plist;
				LD_RUNPATH_SEARCH_PATHS = (
					"$(inherited)",
					"@executable_path/Frameworks",
					"@loader_path/Frameworks",
				);
				PRODUCT_BUNDLE_IDENTIFIER = com.valid.PokedexUITests;
				PRODUCT_NAME = "$(TARGET_NAME)";
				SWIFT_VERSION = 5.0;
				TARGETED_DEVICE_FAMILY = "1,2";
				TEST_TARGET_NAME = Pokedex;
			};
			name = Debug;
		};
		7D94743824636BAA002E618D /* Release */ = {
			isa = XCBuildConfiguration;
			buildSettings = {
				ALWAYS_EMBED_SWIFT_STANDARD_LIBRARIES = YES;
				CODE_SIGN_STYLE = Automatic;
				DEVELOPMENT_TEAM = ARVS4LJ9SD;
				INFOPLIST_FILE = PokedexUITests/Info.plist;
				LD_RUNPATH_SEARCH_PATHS = (
					"$(inherited)",
					"@executable_path/Frameworks",
					"@loader_path/Frameworks",
				);
				PRODUCT_BUNDLE_IDENTIFIER = com.valid.PokedexUITests;
				PRODUCT_NAME = "$(TARGET_NAME)";
				SWIFT_VERSION = 5.0;
				TARGETED_DEVICE_FAMILY = "1,2";
				TEST_TARGET_NAME = Pokedex;
			};
			name = Release;
		};
/* End XCBuildConfiguration section */

/* Begin XCConfigurationList section */
		7D94740124636B7E002E618D /* Build configuration list for PBXProject "Pokedex" */ = {
			isa = XCConfigurationList;
			buildConfigurations = (
				7D94742E24636BAA002E618D /* Debug */,
				7D94742F24636BAA002E618D /* Release */,
			);
			defaultConfigurationIsVisible = 0;
			defaultConfigurationName = Release;
		};
		7D94743024636BAA002E618D /* Build configuration list for PBXNativeTarget "Pokedex" */ = {
			isa = XCConfigurationList;
			buildConfigurations = (
				7D94743124636BAA002E618D /* Debug */,
				7D94743224636BAA002E618D /* Release */,
			);
			defaultConfigurationIsVisible = 0;
			defaultConfigurationName = Release;
		};
		7D94743324636BAA002E618D /* Build configuration list for PBXNativeTarget "PokedexTests" */ = {
			isa = XCConfigurationList;
			buildConfigurations = (
				7D94743424636BAA002E618D /* Debug */,
				7D94743524636BAA002E618D /* Release */,
			);
			defaultConfigurationIsVisible = 0;
			defaultConfigurationName = Release;
		};
		7D94743624636BAA002E618D /* Build configuration list for PBXNativeTarget "PokedexUITests" */ = {
			isa = XCConfigurationList;
			buildConfigurations = (
				7D94743724636BAA002E618D /* Debug */,
				7D94743824636BAA002E618D /* Release */,
			);
			defaultConfigurationIsVisible = 0;
			defaultConfigurationName = Release;
		};
/* End XCConfigurationList section */
	};
	rootObject = 7D9473FE24636B7E002E618D /* Project object */;
}
