// !$*UTF8*$!
{
	archiveVersion = 1;
	classes = {
	};
	objectVersion = 50;
	objects = {

/* Begin PBXBuildFile section */
		7D94740A24636B7E002E618D /* AppDelegate.swift in Sources */ = {isa = PBXBuildFile; fileRef = 7D94740924636B7E002E618D /* AppDelegate.swift */; };
		7D94740C24636B7E002E618D /* SceneDelegate.swift in Sources */ = {isa = PBXBuildFile; fileRef = 7D94740B24636B7E002E618D /* SceneDelegate.swift */; };
		7D94740E24636B7E002E618D /* ContentView.swift in Sources */ = {isa = PBXBuildFile; fileRef = 7D94740D24636B7E002E618D /* ContentView.swift */; };
		7D94741024636BA8002E618D /* Assets.xcassets in Resources */ = {isa = PBXBuildFile; fileRef = 7D94740F24636BA8002E618D /* Assets.xcassets */; };
		7D94741324636BA8002E618D /* Preview Assets.xcassets in Resources */ = {isa = PBXBuildFile; fileRef = 7D94741224636BA8002E618D /* Preview Assets.xcassets */; };
		7D94741624636BA8002E618D /* LaunchScreen.storyboard in Resources */ = {isa = PBXBuildFile; fileRef = 7D94741424636BA8002E618D /* LaunchScreen.storyboard */; };
		7D94742124636BA9002E618D /* PokedexTests.swift in Sources */ = {isa = PBXBuildFile; fileRef = 7D94742024636BA9002E618D /* PokedexTests.swift */; };
		7D94742C24636BA9002E618D /* PokedexUITests.swift in Sources */ = {isa = PBXBuildFile; fileRef = 7D94742B24636BA9002E618D /* PokedexUITests.swift */; };
/* End PBXBuildFile section */

/* Begin PBXContainerItemProxy section */
		7D94741D24636BA9002E618D /* PBXContainerItemProxy */ = {
			isa = PBXContainerItemProxy;
			containerPortal = 7D9473FE24636B7E002E618D /* Project object */;
			proxyType = 1;
			remoteGlobalIDString = 7D94740524636B7E002E618D;
			remoteInfo = Pokedex;
		};
		7D94742824636BA9002E618D /* PBXContainerItemProxy */ = {
			isa = PBXContainerItemProxy;
			containerPortal = 7D9473FE24636B7E002E618D /* Project object */;
			proxyType = 1;
			remoteGlobalIDString = 7D94740524636B7E002E618D;
			remoteInfo = Pokedex;
		};
/* End PBXContainerItemProxy section */

/* Begin PBXFileReference section */
		7D94740624636B7E002E618D /* Pokedex.app */ = {isa = PBXFileReference; explicitFileType = wrapper.application; includeInIndex = 0; path = Pokedex.app; sourceTree = BUILT_PRODUCTS_DIR; };
		7D94740924636B7E002E618D /* AppDelegate.swift */ = {isa = PBXFileReference; lastKnownFileType = sourcecode.swift; path = AppDelegate.swift; sourceTree = "<group>"; };
		7D94740B24636B7E002E618D /* SceneDelegate.swift */ = {isa = PBXFileReference; lastKnownFileType = sourcecode.swift; path = SceneDelegate.swift; sourceTree = "<group>"; };
		7D94740D24636B7E002E618D /* ContentView.swift */ = {isa = PBXFileReference; lastKnownFileType = sourcecode.swift; path = ContentView.swift; sourceTree = "<group>"; };
		7D94740F24636BA8002E618D /* Assets.xcassets */ = {isa = PBXFileReference; lastKnownFileType = folder.assetcatalog; path = Assets.xcassets; sourceTree = "<group>"; };
		7D94741224636BA8002E618D /* Preview Assets.xcassets */ = {isa = PBXFileReference; lastKnownFileType = folder.assetcatalog; path = "Preview Assets.xcassets"; sourceTree = "<group>"; };
		7D94741524636BA8002E618D /* Base */ = {isa = PBXFileReference; lastKnownFileType = file.storyboard; name = Base; path = Base.lproj/LaunchScreen.storyboard; sourceTree = "<group>"; };
		7D94741724636BA8002E618D /* Info.plist */ = {isa = PBXFileReference; lastKnownFileType = text.plist.xml; path = Info.plist; sourceTree = "<group>"; };
		7D94741C24636BA9002E618D /* PokedexTests.xctest */ = {isa = PBXFileReference; explicitFileType = wrapper.cfbundle; includeInIndex = 0; path = PokedexTests.xctest; sourceTree = BUILT_PRODUCTS_DIR; };
		7D94742024636BA9002E618D /* PokedexTests.swift */ = {isa = PBXFileReference; lastKnownFileType = sourcecode.swift; path = PokedexTests.swift; sourceTree = "<group>"; };
		7D94742224636BA9002E618D /* Info.plist */ = {isa = PBXFileReference; lastKnownFileType = text.plist.xml; path = Info.plist; sourceTree = "<group>"; };
		7D94742724636BA9002E618D /* PokedexUITests.xctest */ = {isa = PBXFileReference; explicitFileType = wrapper.cfbundle; includeInIndex = 0; path = PokedexUITests.xctest; sourceTree = BUILT_PRODUCTS_DIR; };
		7D94742B24636BA9002E618D /* PokedexUITests.swift */ = {isa = PBXFileReference; lastKnownFileType = sourcecode.swift; path = PokedexUITests.swift; sourceTree = "<group>"; };
		7D94742D24636BAA002E618D /* Info.plist */ = {isa = PBXFileReference; lastKnownFileType = text.plist.xml; path = Info.plist; sourceTree = "<group>"; };
/* End PBXFileReference section */

/* Begin PBXFrameworksBuildPhase section */
		7D94740324636B7E002E618D /* Frameworks */ = {
			isa = PBXFrameworksBuildPhase;
			buildActionMask = 2147483647;
			files = (
			);
			runOnlyForDeploymentPostprocessing = 0;
		};
		7D94741924636BA9002E618D /* Frameworks */ = {
			isa = PBXFrameworksBuildPhase;
			buildActionMask = 2147483647;
			files = (
			);
			runOnlyForDeploymentPostprocessing = 0;
		};
		7D94742424636BA9002E618D /* Frameworks */ = {
			isa = PBXFrameworksBuildPhase;
			buildActionMask = 2147483647;
			files = (
			);
			runOnlyForDeploymentPostprocessing = 0;
		};
/* End PBXFrameworksBuildPhase section */

/* Begin PBXGroup section */
		7D9473FD24636B7E002E618D = {
			isa = PBXGroup;
			children = (
				7D94740824636B7E002E618D /* Pokedex */,
				7D94741F24636BA9002E618D /* PokedexTests */,
				7D94742A24636BA9002E618D /* PokedexUITests */,
				7D94740724636B7E002E618D /* Products */,
			);
			sourceTree = "<group>";
		};
		7D94740724636B7E002E618D /* Products */ = {
			isa = PBXGroup;
			children = (
				7D94740624636B7E002E618D /* Pokedex.app */,
				7D94741C24636BA9002E618D /* PokedexTests.xctest */,
				7D94742724636BA9002E618D /* PokedexUITests.xctest */,
			);
			name = Products;
			sourceTree = "<group>";
		};
		7D94740824636B7E002E618D /* Pokedex */ = {
			isa = PBXGroup;
			children = (
				7D94740924636B7E002E618D /* AppDelegate.swift */,
				7D94740B24636B7E002E618D /* SceneDelegate.swift */,
				7D94740D24636B7E002E618D /* ContentView.swift */,
				7D94740F24636BA8002E618D /* Assets.xcassets */,
				7D94741424636BA8002E618D /* LaunchScreen.storyboard */,
				7D94741724636BA8002E618D /* Info.plist */,
				7D94741124636BA8002E618D /* Preview Content */,
			);
			path = Pokedex;
			sourceTree = "<group>";
		};
		7D94741124636BA8002E618D /* Preview Content */ = {
			isa = PBXGroup;
			children = (
				7D94741224636BA8002E618D /* Preview Assets.xcassets */,
			);
			path = "Preview Content";
			sourceTree = "<group>";
		};
		7D94741F24636BA9002E618D /* PokedexTests */ = {
			isa = PBXGroup;
			children = (
				7D94742024636BA9002E618D /* PokedexTests.swift */,
				7D94742224636BA9002E618D /* Info.plist */,
			);
			path = PokedexTests;
			sourceTree = "<group>";
		};
		7D94742A24636BA9002E618D /* PokedexUITests */ = {
			isa = PBXGroup;
			children = (
				7D94742B24636BA9002E618D /* PokedexUITests.swift */,
				7D94742D24636BAA002E618D /* Info.plist */,
			);
			path = PokedexUITests;
			sourceTree = "<group>";
		};
/* End PBXGroup section */

/* Begin PBXNativeTarget section */
		7D94740524636B7E002E618D /* Pokedex */ = {
			isa = PBXNativeTarget;
			buildConfigurationList = 7D94743024636BAA002E618D /* Build configuration list for PBXNativeTarget "Pokedex" */;
			buildPhases = (
				7D94740224636B7E002E618D /* Sources */,
				7D94740324636B7E002E618D /* Frameworks */,
				7D94740424636B7E002E618D /* Resources */,
			);
			buildRules = (
			);
			dependencies = (
			);
			name = Pokedex;
			productName = Pokedex;
			productReference = 7D94740624636B7E002E618D /* Pokedex.app */;
			productType = "com.apple.product-type.application";
		};
		7D94741B24636BA9002E618D /* PokedexTests */ = {
			isa = PBXNativeTarget;
			buildConfigurationList = 7D94743324636BAA002E618D /* Build configuration list for PBXNativeTarget "PokedexTests" */;
			buildPhases = (
				7D94741824636BA9002E618D /* Sources */,
				7D94741924636BA9002E618D /* Frameworks */,
				7D94741A24636BA9002E618D /* Resources */,
			);
			buildRules = (
			);
			dependencies = (
				7D94741E24636BA9002E618D /* PBXTargetDependency */,
			);
			name = PokedexTests;
			productName = PokedexTests;
			productReference = 7D94741C24636BA9002E618D /* PokedexTests.xctest */;
			productType = "com.apple.product-type.bundle.unit-test";
		};
		7D94742624636BA9002E618D /* PokedexUITests */ = {
			isa = PBXNativeTarget;
			buildConfigurationList = 7D94743624636BAA002E618D /* Build configuration list for PBXNativeTarget "PokedexUITests" */;
			buildPhases = (
				7D94742324636BA9002E618D /* Sources */,
				7D94742424636BA9002E618D /* Frameworks */,
				7D94742524636BA9002E618D /* Resources */,
			);
			buildRules = (
			);
			dependencies = (
				7D94742924636BA9002E618D /* PBXTargetDependency */,
			);
			name = PokedexUITests;
			productName = PokedexUITests;
			productReference = 7D94742724636BA9002E618D /* PokedexUITests.xctest */;
			productType = "com.apple.product-type.bundle.ui-testing";
		};
/* End PBXNativeTarget section */

/* Begin PBXProject section */
		7D9473FE24636B7E002E618D /* Project object */ = {
			isa = PBXProject;
			attributes = {
				LastSwiftUpdateCheck = 1140;
				LastUpgradeCheck = 1140;
				ORGANIZATIONNAME = "Juan Pablo Rodriguez";
				TargetAttributes = {
					7D94740524636B7E002E618D = {
						CreatedOnToolsVersion = 11.4.1;
					};
					7D94741B24636BA9002E618D = {
						CreatedOnToolsVersion = 11.4.1;
						TestTargetID = 7D94740524636B7E002E618D;
					};
					7D94742624636BA9002E618D = {
						CreatedOnToolsVersion = 11.4.1;
						TestTargetID = 7D94740524636B7E002E618D;
					};
				};
			};
			buildConfigurationList = 7D94740124636B7E002E618D /* Build configuration list for PBXProject "Pokedex" */;
			compatibilityVersion = "Xcode 9.3";
			developmentRegion = en;
			hasScannedForEncodings = 0;
			knownRegions = (
				en,
				Base,
			);
			mainGroup = 7D9473FD24636B7E002E618D;
			productRefGroup = 7D94740724636B7E002E618D /* Products */;
			projectDirPath = "";
			projectRoot = "";
			targets = (
				7D94740524636B7E002E618D /* Pokedex */,
				7D94741B24636BA9002E618D /* PokedexTests */,
				7D94742624636BA9002E618D /* PokedexUITests */,
			);
		};
/* End PBXProject section */

/* Begin PBXResourcesBuildPhase section */
		7D94740424636B7E002E618D /* Resources */ = {
			isa = PBXResourcesBuildPhase;
			buildActionMask = 2147483647;
			files = (
				7D94741624636BA8002E618D /* LaunchScreen.storyboard in Resources */,
				7D94741324636BA8002E618D /* Preview Assets.xcassets in Resources */,
				7D94741024636BA8002E618D /* Assets.xcassets in Resources */,
			);
			runOnlyForDeploymentPostprocessing = 0;
		};
		7D94741A24636BA9002E618D /* Resources */ = {
			isa = PBXResourcesBuildPhase;
			buildActionMask = 2147483647;
			files = (
			);
			runOnlyForDeploymentPostprocessing = 0;
		};
		7D94742524636BA9002E618D /* Resources */ = {
			isa = PBXResourcesBuildPhase;
			buildActionMask = 2147483647;
			files = (
			);
			runOnlyForDeploymentPostprocessing = 0;
		};
/* End PBXResourcesBuildPhase section */

/* Begin PBXSourcesBuildPhase section */
		7D94740224636B7E002E618D /* Sources */ = {
			isa = PBXSourcesBuildPhase;
			buildActionMask = 2147483647;
			files = (
				7D94740A24636B7E002E618D /* AppDelegate.swift in Sources */,
				7D94740C24636B7E002E618D /* SceneDelegate.swift in Sources */,
				7D94740E24636B7E002E618D /* ContentView.swift in Sources */,
			);
			runOnlyForDeploymentPostprocessing = 0;
		};
		7D94741824636BA9002E618D /* Sources */ = {
			isa = PBXSourcesBuildPhase;
			buildActionMask = 2147483647;
			files = (
				7D94742124636BA9002E618D /* PokedexTests.swift in Sources */,
			);
			runOnlyForDeploymentPostprocessing = 0;
		};
		7D94742324636BA9002E618D /* Sources */ = {
			isa = PBXSourcesBuildPhase;
			buildActionMask = 2147483647;
			files = (
				7D94742C24636BA9002E618D /* PokedexUITests.swift in Sources */,
			);
			runOnlyForDeploymentPostprocessing = 0;
		};
/* End PBXSourcesBuildPhase section */

/* Begin PBXTargetDependency section */
		7D94741E24636BA9002E618D /* PBXTargetDependency */ = {
			isa = PBXTargetDependency;
			target = 7D94740524636B7E002E618D /* Pokedex */;
			targetProxy = 7D94741D24636BA9002E618D /* PBXContainerItemProxy */;
		};
		7D94742924636BA9002E618D /* PBXTargetDependency */ = {
			isa = PBXTargetDependency;
			target = 7D94740524636B7E002E618D /* Pokedex */;
			targetProxy = 7D94742824636BA9002E618D /* PBXContainerItemProxy */;
		};
/* End PBXTargetDependency section */

/* Begin PBXVariantGroup section */
		7D94741424636BA8002E618D /* LaunchScreen.storyboard */ = {
			isa = PBXVariantGroup;
			children = (
				7D94741524636BA8002E618D /* Base */,
			);
			name = LaunchScreen.storyboard;
			sourceTree = "<group>";
		};
/* End PBXVariantGroup section */

/* Begin XCBuildConfiguration section */
		7D94742E24636BAA002E618D /* Debug */ = {
			isa = XCBuildConfiguration;
			buildSettings = {
				ALWAYS_SEARCH_USER_PATHS = NO;
				CLANG_ANALYZER_NONNULL = YES;
				CLANG_ANALYZER_NUMBER_OBJECT_CONVERSION = YES_AGGRESSIVE;
				CLANG_CXX_LANGUAGE_STANDARD = "gnu++14";
				CLANG_CXX_LIBRARY = "libc++";
				CLANG_ENABLE_MODULES = YES;
				CLANG_ENABLE_OBJC_ARC = YES;
				CLANG_ENABLE_OBJC_WEAK = YES;
				CLANG_WARN_BLOCK_CAPTURE_AUTORELEASING = YES;
				CLANG_WARN_BOOL_CONVERSION = YES;
				CLANG_WARN_COMMA = YES;
				CLANG_WARN_CONSTANT_CONVERSION = YES;
				CLANG_WARN_DEPRECATED_OBJC_IMPLEMENTATIONS = YES;
				CLANG_WARN_DIRECT_OBJC_ISA_USAGE = YES_ERROR;
				CLANG_WARN_DOCUMENTATION_COMMENTS = YES;
				CLANG_WARN_EMPTY_BODY = YES;
				CLANG_WARN_ENUM_CONVERSION = YES;
				CLANG_WARN_INFINITE_RECURSION = YES;
				CLANG_WARN_INT_CONVERSION = YES;
				CLANG_WARN_NON_LITERAL_NULL_CONVERSION = YES;
				CLANG_WARN_OBJC_IMPLICIT_RETAIN_SELF = YES;
				CLANG_WARN_OBJC_LITERAL_CONVERSION = YES;
				CLANG_WARN_OBJC_ROOT_CLASS = YES_ERROR;
				CLANG_WARN_RANGE_LOOP_ANALYSIS = YES;
				CLANG_WARN_STRICT_PROTOTYPES = YES;
				CLANG_WARN_SUSPICIOUS_MOVE = YES;
				CLANG_WARN_UNGUARDED_AVAILABILITY = YES_AGGRESSIVE;
				CLANG_WARN_UNREACHABLE_CODE = YES;
				CLANG_WARN__DUPLICATE_METHOD_MATCH = YES;
				COPY_PHASE_STRIP = NO;
				DEBUG_INFORMATION_FORMAT = dwarf;
				ENABLE_STRICT_OBJC_MSGSEND = YES;
				ENABLE_TESTABILITY = YES;
				GCC_C_LANGUAGE_STANDARD = gnu11;
				GCC_DYNAMIC_NO_PIC = NO;
				GCC_NO_COMMON_BLOCKS = YES;
				GCC_OPTIMIZATION_LEVEL = 0;
				GCC_PREPROCESSOR_DEFINITIONS = (
					"DEBUG=1",
					"$(inherited)",
				);
				GCC_WARN_64_TO_32_BIT_CONVERSION = YES;
				GCC_WARN_ABOUT_RETURN_TYPE = YES_ERROR;
				GCC_WARN_UNDECLARED_SELECTOR = YES;
				GCC_WARN_UNINITIALIZED_AUTOS = YES_AGGRESSIVE;
				GCC_WARN_UNUSED_FUNCTION = YES;
				GCC_WARN_UNUSED_VARIABLE = YES;
				IPHONEOS_DEPLOYMENT_TARGET = 13.4;
				MTL_ENABLE_DEBUG_INFO = INCLUDE_SOURCE;
				MTL_FAST_MATH = YES;
				ONLY_ACTIVE_ARCH = YES;
				SDKROOT = iphoneos;
				SWIFT_ACTIVE_COMPILATION_CONDITIONS = DEBUG;
				SWIFT_OPTIMIZATION_LEVEL = "-Onone";
			};
			name = Debug;
		};
		7D94742F24636BAA002E618D /* Release */ = {
			isa = XCBuildConfiguration;
			buildSettings = {
				ALWAYS_SEARCH_USER_PATHS = NO;
				CLANG_ANALYZER_NONNULL = YES;
				CLANG_ANALYZER_NUMBER_OBJECT_CONVERSION = YES_AGGRESSIVE;
				CLANG_CXX_LANGUAGE_STANDARD = "gnu++14";
				CLANG_CXX_LIBRARY = "libc++";
				CLANG_ENABLE_MODULES = YES;
				CLANG_ENABLE_OBJC_ARC = YES;
				CLANG_ENABLE_OBJC_WEAK = YES;
				CLANG_WARN_BLOCK_CAPTURE_AUTORELEASING = YES;
				CLANG_WARN_BOOL_CONVERSION = YES;
				CLANG_WARN_COMMA = YES;
				CLANG_WARN_CONSTANT_CONVERSION = YES;
				CLANG_WARN_DEPRECATED_OBJC_IMPLEMENTATIONS = YES;
				CLANG_WARN_DIRECT_OBJC_ISA_USAGE = YES_ERROR;
				CLANG_WARN_DOCUMENTATION_COMMENTS = YES;
				CLANG_WARN_EMPTY_BODY = YES;
				CLANG_WARN_ENUM_CONVERSION = YES;
				CLANG_WARN_INFINITE_RECURSION = YES;
				CLANG_WARN_INT_CONVERSION = YES;
				CLANG_WARN_NON_LITERAL_NULL_CONVERSION = YES;
				CLANG_WARN_OBJC_IMPLICIT_RETAIN_SELF = YES;
				CLANG_WARN_OBJC_LITERAL_CONVERSION = YES;
				CLANG_WARN_OBJC_ROOT_CLASS = YES_ERROR;
				CLANG_WARN_RANGE_LOOP_ANALYSIS = YES;
				CLANG_WARN_STRICT_PROTOTYPES = YES;
				CLANG_WARN_SUSPICIOUS_MOVE = YES;
				CLANG_WARN_UNGUARDED_AVAILABILITY = YES_AGGRESSIVE;
				CLANG_WARN_UNREACHABLE_CODE = YES;
				CLANG_WARN__DUPLICATE_METHOD_MATCH = YES;
				COPY_PHASE_STRIP = NO;
				DEBUG_INFORMATION_FORMAT = "dwarf-with-dsym";
				ENABLE_NS_ASSERTIONS = NO;
				ENABLE_STRICT_OBJC_MSGSEND = YES;
				GCC_C_LANGUAGE_STANDARD = gnu11;
				GCC_NO_COMMON_BLOCKS = YES;
				GCC_WARN_64_TO_32_BIT_CONVERSION = YES;
				GCC_WARN_ABOUT_RETURN_TYPE = YES_ERROR;
				GCC_WARN_UNDECLARED_SELECTOR = YES;
				GCC_WARN_UNINITIALIZED_AUTOS = YES_AGGRESSIVE;
				GCC_WARN_UNUSED_FUNCTION = YES;
				GCC_WARN_UNUSED_VARIABLE = YES;
				IPHONEOS_DEPLOYMENT_TARGET = 13.4;
				MTL_ENABLE_DEBUG_INFO = NO;
				MTL_FAST_MATH = YES;
				SDKROOT = iphoneos;
				SWIFT_COMPILATION_MODE = wholemodule;
				SWIFT_OPTIMIZATION_LEVEL = "-O";
				VALIDATE_PRODUCT = YES;
			};
			name = Release;
		};
		7D94743124636BAA002E618D /* Debug */ = {
			isa = XCBuildConfiguration;
			buildSettings = {
				ASSETCATALOG_COMPILER_APPICON_NAME = AppIcon;
				CODE_SIGN_STYLE = Automatic;
				DEVELOPMENT_ASSET_PATHS = "\"Pokedex/Preview Content\"";
				DEVELOPMENT_TEAM = ARVS4LJ9SD;
				ENABLE_PREVIEWS = YES;
				INFOPLIST_FILE = Pokedex/Info.plist;
				LD_RUNPATH_SEARCH_PATHS = (
					"$(inherited)",
					"@executable_path/Frameworks",
				);
				PRODUCT_BUNDLE_IDENTIFIER = com.valid.Pokedex;
				PRODUCT_NAME = "$(TARGET_NAME)";
				SWIFT_VERSION = 5.0;
				TARGETED_DEVICE_FAMILY = "1,2";
			};
			name = Debug;
		};
		7D94743224636BAA002E618D /* Release */ = {
			isa = XCBuildConfiguration;
			buildSettings = {
				ASSETCATALOG_COMPILER_APPICON_NAME = AppIcon;
				CODE_SIGN_STYLE = Automatic;
				DEVELOPMENT_ASSET_PATHS = "\"Pokedex/Preview Content\"";
				DEVELOPMENT_TEAM = ARVS4LJ9SD;
				ENABLE_PREVIEWS = YES;
				INFOPLIST_FILE = Pokedex/Info.plist;
				LD_RUNPATH_SEARCH_PATHS = (
					"$(inherited)",
					"@executable_path/Frameworks",
				);
				PRODUCT_BUNDLE_IDENTIFIER = com.valid.Pokedex;
				PRODUCT_NAME = "$(TARGET_NAME)";
				SWIFT_VERSION = 5.0;
				TARGETED_DEVICE_FAMILY = "1,2";
			};
			name = Release;
		};
		7D94743424636BAA002E618D /* Debug */ = {
			isa = XCBuildConfiguration;
			buildSettings = {
				ALWAYS_EMBED_SWIFT_STANDARD_LIBRARIES = YES;
				BUNDLE_LOADER = "$(TEST_HOST)";
				CODE_SIGN_STYLE = Automatic;
				DEVELOPMENT_TEAM = ARVS4LJ9SD;
				INFOPLIST_FILE = PokedexTests/Info.plist;
				IPHONEOS_DEPLOYMENT_TARGET = 13.4;
				LD_RUNPATH_SEARCH_PATHS = (
					"$(inherited)",
					"@executable_path/Frameworks",
					"@loader_path/Frameworks",
				);
				PRODUCT_BUNDLE_IDENTIFIER = com.valid.PokedexTests;
				PRODUCT_NAME = "$(TARGET_NAME)";
				SWIFT_VERSION = 5.0;
				TARGETED_DEVICE_FAMILY = "1,2";
				TEST_HOST = "$(BUILT_PRODUCTS_DIR)/Pokedex.app/Pokedex";
			};
			name = Debug;
		};
		7D94743524636BAA002E618D /* Release */ = {
			isa = XCBuildConfiguration;
			buildSettings = {
				ALWAYS_EMBED_SWIFT_STANDARD_LIBRARIES = YES;
				BUNDLE_LOADER = "$(TEST_HOST)";
				CODE_SIGN_STYLE = Automatic;
				DEVELOPMENT_TEAM = ARVS4LJ9SD;
				INFOPLIST_FILE = PokedexTests/Info.plist;
				IPHONEOS_DEPLOYMENT_TARGET = 13.4;
				LD_RUNPATH_SEARCH_PATHS = (
					"$(inherited)",
					"@executable_path/Frameworks",
					"@loader_path/Frameworks",
				);
				PRODUCT_BUNDLE_IDENTIFIER = com.valid.PokedexTests;
				PRODUCT_NAME = "$(TARGET_NAME)";
				SWIFT_VERSION = 5.0;
				TARGETED_DEVICE_FAMILY = "1,2";
				TEST_HOST = "$(BUILT_PRODUCTS_DIR)/Pokedex.app/Pokedex";
			};
			name = Release;
		};
		7D94743724636BAA002E618D /* Debug */ = {
			isa = XCBuildConfiguration;
			buildSettings = {
				ALWAYS_EMBED_SWIFT_STANDARD_LIBRARIES = YES;
				CODE_SIGN_STYLE = Automatic;
				DEVELOPMENT_TEAM = ARVS4LJ9SD;
				INFOPLIST_FILE = PokedexUITests/Info.plist;
				LD_RUNPATH_SEARCH_PATHS = (
					"$(inherited)",
					"@executable_path/Frameworks",
					"@loader_path/Frameworks",
				);
				PRODUCT_BUNDLE_IDENTIFIER = com.valid.PokedexUITests;
				PRODUCT_NAME = "$(TARGET_NAME)";
				SWIFT_VERSION = 5.0;
				TARGETED_DEVICE_FAMILY = "1,2";
				TEST_TARGET_NAME = Pokedex;
			};
			name = Debug;
		};
		7D94743824636BAA002E618D /* Release */ = {
			isa = XCBuildConfiguration;
			buildSettings = {
				ALWAYS_EMBED_SWIFT_STANDARD_LIBRARIES = YES;
				CODE_SIGN_STYLE = Automatic;
				DEVELOPMENT_TEAM = ARVS4LJ9SD;
				INFOPLIST_FILE = PokedexUITests/Info.plist;
				LD_RUNPATH_SEARCH_PATHS = (
					"$(inherited)",
					"@executable_path/Frameworks",
					"@loader_path/Frameworks",
				);
				PRODUCT_BUNDLE_IDENTIFIER = com.valid.PokedexUITests;
				PRODUCT_NAME = "$(TARGET_NAME)";
				SWIFT_VERSION = 5.0;
				TARGETED_DEVICE_FAMILY = "1,2";
				TEST_TARGET_NAME = Pokedex;
			};
			name = Release;
		};
/* End XCBuildConfiguration section */

/* Begin XCConfigurationList section */
		7D94740124636B7E002E618D /* Build configuration list for PBXProject "Pokedex" */ = {
			isa = XCConfigurationList;
			buildConfigurations = (
				7D94742E24636BAA002E618D /* Debug */,
				7D94742F24636BAA002E618D /* Release */,
			);
			defaultConfigurationIsVisible = 0;
			defaultConfigurationName = Release;
		};
		7D94743024636BAA002E618D /* Build configuration list for PBXNativeTarget "Pokedex" */ = {
			isa = XCConfigurationList;
			buildConfigurations = (
				7D94743124636BAA002E618D /* Debug */,
				7D94743224636BAA002E618D /* Release */,
			);
			defaultConfigurationIsVisible = 0;
			defaultConfigurationName = Release;
		};
		7D94743324636BAA002E618D /* Build configuration list for PBXNativeTarget "PokedexTests" */ = {
			isa = XCConfigurationList;
			buildConfigurations = (
				7D94743424636BAA002E618D /* Debug */,
				7D94743524636BAA002E618D /* Release */,
			);
			defaultConfigurationIsVisible = 0;
			defaultConfigurationName = Release;
		};
		7D94743624636BAA002E618D /* Build configuration list for PBXNativeTarget "PokedexUITests" */ = {
			isa = XCConfigurationList;
			buildConfigurations = (
				7D94743724636BAA002E618D /* Debug */,
				7D94743824636BAA002E618D /* Release */,
			);
			defaultConfigurationIsVisible = 0;
			defaultConfigurationName = Release;
		};
/* End XCConfigurationList section */
	};
	rootObject = 7D9473FE24636B7E002E618D /* Project object */;
}
